
Microsoft Visual Studio Solution File, Format Version 12.00
# Visual Studio Version 16
VisualStudioVersion = 16.0.29409.12
MinimumVisualStudioVersion = 10.0.40219.1
Project("{FAE04EC0-301F-11D3-BF4B-00C04F79EFBC}") = "IamPof", "IamPof.csproj", "{20EF4CF8-C695-4B8C-A8D6-8C9EC0DBFC92}"
EndProject
Global
	GlobalSection(SolutionConfigurationPlatforms) = preSolution
		Debug|Any CPU = Debug|Any CPU
		Release|Any CPU = Release|Any CPU
	EndGlobalSection
	GlobalSection(ProjectConfigurationPlatforms) = postSolution
		{20EF4CF8-C695-4B8C-A8D6-8C9EC0DBFC92}.Debug|Any CPU.ActiveCfg = Debug|Any CPU
		{20EF4CF8-C695-4B8C-A8D6-8C9EC0DBFC92}.Debug|Any CPU.Build.0 = Debug|Any CPU
		{20EF4CF8-C695-4B8C-A8D6-8C9EC0DBFC92}.Release|Any CPU.ActiveCfg = Release|Any CPU
		{20EF4CF8-C695-4B8C-A8D6-8C9EC0DBFC92}.Release|Any CPU.Build.0 = Release|Any CPU
	EndGlobalSection
	GlobalSection(SolutionProperties) = preSolution
		HideSolutionNode = FALSE
	EndGlobalSection
	GlobalSection(ExtensibilityGlobals) = postSolution
		SolutionGuid = {0D100E03-ECAB-41C0-A5A3-7CE430D02E03}
	EndGlobalSection
EndGlobal
